// !$*UTF8*$!
{
	archiveVersion = 1;
	classes = {
	};
	objectVersion = 77;
	objects = {

/* Begin PBXBuildFile section */
		D47490412ED8E5CF00FC54D0 /* TrayOff.icon in Resources */ = {isa = PBXBuildFile; fileRef = D47490402ED8E5CE00FC54D0 /* TrayOff.icon */; };
		D47490B82ED92F6A00FC54D0 /* WidgetKit.framework in Frameworks */ = {isa = PBXBuildFile; fileRef = D4EC5BE62E032A8200FF2440 /* WidgetKit.framework */; };
		D47490B92ED92F6A00FC54D0 /* SwiftUI.framework in Frameworks */ = {isa = PBXBuildFile; fileRef = D4EC5BE82E032A8200FF2440 /* SwiftUI.framework */; };
		D47490CA2ED92F6C00FC54D0 /* RetainerWidgetExtension.appex in Embed Foundation Extensions */ = {isa = PBXBuildFile; fileRef = D47490B72ED92F6A00FC54D0 /* RetainerWidgetExtension.appex */; settings = {ATTRIBUTES = (RemoveHeadersOnCopy, ); }; };
		D4C4D9992DC99999002C635E /* WidgetKit.framework in Frameworks */ = {isa = PBXBuildFile; fileRef = D4EC5BE62E032A8200FF2440 /* WidgetKit.framework */; };
		D4D355052F352E4400EAB781 /* TrayOff.icon in Resources */ = {isa = PBXBuildFile; fileRef = D47490402ED8E5CE00FC54D0 /* TrayOff.icon */; };
/* End PBXBuildFile section */

/* Begin PBXContainerItemProxy section */
		D47490C82ED92F6C00FC54D0 /* PBXContainerItemProxy */ = {
			isa = PBXContainerItemProxy;
			containerPortal = D4C4D1432DC99422002C635E /* Project object */;
			proxyType = 1;
			remoteGlobalIDString = D47490B62ED92F6A00FC54D0;
			remoteInfo = RetainerWidgetExtension;
		};
/* End PBXContainerItemProxy section */

/* Begin PBXCopyFilesBuildPhase section */
		D474914D2ED956CA00FC54D0 /* Embed Watch Content */ = {
			isa = PBXCopyFilesBuildPhase;
			buildActionMask = 2147483647;
			dstPath = "$(CONTENTS_FOLDER_PATH)/Watch";
			dstSubfolderSpec = 16;
			files = (
			);
			name = "Embed Watch Content";
			runOnlyForDeploymentPostprocessing = 0;
		};
		D4EC5BFF2E032A8300FF2440 /* Embed Foundation Extensions */ = {
			isa = PBXCopyFilesBuildPhase;
			buildActionMask = 2147483647;
			dstPath = "";
			dstSubfolderSpec = 13;
			files = (
				D47490CA2ED92F6C00FC54D0 /* RetainerWidgetExtension.appex in Embed Foundation Extensions */,
			);
			name = "Embed Foundation Extensions";
			runOnlyForDeploymentPostprocessing = 0;
		};
/* End PBXCopyFilesBuildPhase section */

/* Begin PBXFileReference section */
		D47490402ED8E5CE00FC54D0 /* TrayOff.icon */ = {isa = PBXFileReference; lastKnownFileType = folder.iconcomposer.icon; path = TrayOff.icon; sourceTree = "<group>"; };
		D47490B72ED92F6A00FC54D0 /* RetainerWidgetExtension.appex */ = {isa = PBXFileReference; explicitFileType = "wrapper.app-extension"; includeInIndex = 0; path = RetainerWidgetExtension.appex; sourceTree = BUILT_PRODUCTS_DIR; };
		D47490D42ED93E5900FC54D0 /* RetainerWidgetExtension.entitlements */ = {isa = PBXFileReference; lastKnownFileType = text.plist.entitlements; path = RetainerWidgetExtension.entitlements; sourceTree = "<group>"; };
		D4C4D14B2DC99422002C635E /* TrayOff.app */ = {isa = PBXFileReference; explicitFileType = wrapper.application; includeInIndex = 0; path = TrayOff.app; sourceTree = BUILT_PRODUCTS_DIR; };
		D4EC5BE62E032A8200FF2440 /* WidgetKit.framework */ = {isa = PBXFileReference; lastKnownFileType = wrapper.framework; name = WidgetKit.framework; path = System/Library/Frameworks/WidgetKit.framework; sourceTree = SDKROOT; };
		D4EC5BE82E032A8200FF2440 /* SwiftUI.framework */ = {isa = PBXFileReference; lastKnownFileType = wrapper.framework; name = SwiftUI.framework; path = System/Library/Frameworks/SwiftUI.framework; sourceTree = SDKROOT; };
/* End PBXFileReference section */

/* Begin PBXFileSystemSynchronizedBuildFileExceptionSet section */
		D47490CB2ED92F6C00FC54D0 /* Exceptions for "RetainerWidget" folder in "RetainerWidgetExtension" target */ = {
			isa = PBXFileSystemSynchronizedBuildFileExceptionSet;
			membershipExceptions = (
				Info.plist,
			);
			target = D47490B62ED92F6A00FC54D0 /* RetainerWidgetExtension */;
		};
		D47490D02ED9308300FC54D0 /* Exceptions for "Retainer Tracker" folder in "RetainerWidgetExtension" target */ = {
			isa = PBXFileSystemSynchronizedBuildFileExceptionSet;
			membershipExceptions = (
				Models/RetainerActivityAttributes.swift,
			);
			target = D47490B62ED92F6A00FC54D0 /* RetainerWidgetExtension */;
		};
/* End PBXFileSystemSynchronizedBuildFileExceptionSet section */

/* Begin PBXFileSystemSynchronizedRootGroup section */
		D47490BA2ED92F6A00FC54D0 /* RetainerWidget */ = {
			isa = PBXFileSystemSynchronizedRootGroup;
			exceptions = (
				D47490CB2ED92F6C00FC54D0 /* Exceptions for "RetainerWidget" folder in "RetainerWidgetExtension" target */,
			);
			path = RetainerWidget;
			sourceTree = "<group>";
		};
		D4C4D14D2DC99422002C635E /* Retainer Tracker */ = {
			isa = PBXFileSystemSynchronizedRootGroup;
			exceptions = (
				D47490D02ED9308300FC54D0 /* Exceptions for "Retainer Tracker" folder in "RetainerWidgetExtension" target */,
			);
			path = "Retainer Tracker";
			sourceTree = "<group>";
		};
/* End PBXFileSystemSynchronizedRootGroup section */

/* Begin PBXFrameworksBuildPhase section */
		D47490B42ED92F6A00FC54D0 /* Frameworks */ = {
			isa = PBXFrameworksBuildPhase;
			buildActionMask = 2147483647;
			files = (
				D47490B92ED92F6A00FC54D0 /* SwiftUI.framework in Frameworks */,
				D47490B82ED92F6A00FC54D0 /* WidgetKit.framework in Frameworks */,
			);
			runOnlyForDeploymentPostprocessing = 0;
		};
		D4C4D1482DC99422002C635E /* Frameworks */ = {
			isa = PBXFrameworksBuildPhase;
			buildActionMask = 2147483647;
			files = (
				D4C4D9992DC99999002C635E /* WidgetKit.framework in Frameworks */,
			);
			runOnlyForDeploymentPostprocessing = 0;
		};
/* End PBXFrameworksBuildPhase section */

/* Begin PBXGroup section */
		D4C4D1422DC99422002C635E = {
			isa = PBXGroup;
			children = (
				D47490D42ED93E5900FC54D0 /* RetainerWidgetExtension.entitlements */,
				D4C4D14D2DC99422002C635E /* Retainer Tracker */,
				D47490BA2ED92F6A00FC54D0 /* RetainerWidget */,
				D4EC5BE52E032A8200FF2440 /* Frameworks */,
				D4C4D14C2DC99422002C635E /* Products */,
				D47490402ED8E5CE00FC54D0 /* TrayOff.icon */,
			);
			sourceTree = "<group>";
		};
		D4C4D14C2DC99422002C635E /* Products */ = {
			isa = PBXGroup;
			children = (
				D4C4D14B2DC99422002C635E /* TrayOff.app */,
				D47490B72ED92F6A00FC54D0 /* RetainerWidgetExtension.appex */,
			);
			name = Products;
			sourceTree = "<group>";
		};
		D4EC5BE52E032A8200FF2440 /* Frameworks */ = {
			isa = PBXGroup;
			children = (
				D4EC5BE62E032A8200FF2440 /* WidgetKit.framework */,
				D4EC5BE82E032A8200FF2440 /* SwiftUI.framework */,
			);
			name = Frameworks;
			sourceTree = "<group>";
		};
/* End PBXGroup section */

/* Begin PBXNativeTarget section */
		D47490B62ED92F6A00FC54D0 /* RetainerWidgetExtension */ = {
			isa = PBXNativeTarget;
			buildConfigurationList = D47490CC2ED92F6C00FC54D0 /* Build configuration list for PBXNativeTarget "RetainerWidgetExtension" */;
			buildPhases = (
				D47490B32ED92F6A00FC54D0 /* Sources */,
				D47490B42ED92F6A00FC54D0 /* Frameworks */,
				D47490B52ED92F6A00FC54D0 /* Resources */,
			);
			buildRules = (
			);
			dependencies = (
			);
			fileSystemSynchronizedGroups = (
				D47490BA2ED92F6A00FC54D0 /* RetainerWidget */,
			);
			name = RetainerWidgetExtension;
			packageProductDependencies = (
			);
			productName = RetainerWidgetExtension;
			productReference = D47490B72ED92F6A00FC54D0 /* RetainerWidgetExtension.appex */;
			productType = "com.apple.product-type.app-extension";
		};
		D4C4D14A2DC99422002C635E /* TrayOff */ = {
			isa = PBXNativeTarget;
			buildConfigurationList = D4C4D16F2DC99424002C635E /* Build configuration list for PBXNativeTarget "TrayOff" */;
			buildPhases = (
				D4C4D1472DC99422002C635E /* Sources */,
				D4C4D1482DC99422002C635E /* Frameworks */,
				D4C4D1492DC99422002C635E /* Resources */,
				D4EC5BFF2E032A8300FF2440 /* Embed Foundation Extensions */,
				D474914D2ED956CA00FC54D0 /* Embed Watch Content */,
			);
			buildRules = (
			);
			dependencies = (
				D47490C92ED92F6C00FC54D0 /* PBXTargetDependency */,
			);
			fileSystemSynchronizedGroups = (
				D4C4D14D2DC99422002C635E /* Retainer Tracker */,
			);
			name = TrayOff;
			packageProductDependencies = (
			);
			productName = "Retainer Tracker";
			productReference = D4C4D14B2DC99422002C635E /* TrayOff.app */;
			productType = "com.apple.product-type.application";
		};
/* End PBXNativeTarget section */

/* Begin PBXProject section */
		D4C4D1432DC99422002C635E /* Project object */ = {
			isa = PBXProject;
			attributes = {
				BuildIndependentTargetsInParallel = 1;
				LastSwiftUpdateCheck = 2600;
				LastUpgradeCheck = 2600;
				TargetAttributes = {
					D47490B62ED92F6A00FC54D0 = {
						CreatedOnToolsVersion = 26.0;
					};
					D4C4D14A2DC99422002C635E = {
						CreatedOnToolsVersion = 16.2;
					};
				};
			};
			buildConfigurationList = D4C4D1462DC99422002C635E /* Build configuration list for PBXProject "TrayOff" */;
			developmentRegion = en;
			hasScannedForEncodings = 0;
			knownRegions = (
				en,
				Base,
			);
			mainGroup = D4C4D1422DC99422002C635E;
			minimizedProjectReferenceProxies = 1;
			preferredProjectObjectVersion = 77;
			productRefGroup = D4C4D14C2DC99422002C635E /* Products */;
			projectDirPath = "";
			projectRoot = "";
			targets = (
				D4C4D14A2DC99422002C635E /* TrayOff */,
				D47490B62ED92F6A00FC54D0 /* RetainerWidgetExtension */,
			);
		};
/* End PBXProject section */

/* Begin PBXResourcesBuildPhase section */
		D47490B52ED92F6A00FC54D0 /* Resources */ = {
			isa = PBXResourcesBuildPhase;
			buildActionMask = 2147483647;
			files = (
				D4D355052F352E4400EAB781 /* TrayOff.icon in Resources */,
			);
			runOnlyForDeploymentPostprocessing = 0;
		};
		D4C4D1492DC99422002C635E /* Resources */ = {
			isa = PBXResourcesBuildPhase;
			buildActionMask = 2147483647;
			files = (
				D47490412ED8E5CF00FC54D0 /* TrayOff.icon in Resources */,
			);
			runOnlyForDeploymentPostprocessing = 0;
		};
/* End PBXResourcesBuildPhase section */

/* Begin PBXSourcesBuildPhase section */
		D47490B32ED92F6A00FC54D0 /* Sources */ = {
			isa = PBXSourcesBuildPhase;
			buildActionMask = 2147483647;
			files = (
			);
			runOnlyForDeploymentPostprocessing = 0;
		};
		D4C4D1472DC99422002C635E /* Sources */ = {
			isa = PBXSourcesBuildPhase;
			buildActionMask = 2147483647;
			files = (
			);
			runOnlyForDeploymentPostprocessing = 0;
		};
/* End PBXSourcesBuildPhase section */

/* Begin PBXTargetDependency section */
		D47490C92ED92F6C00FC54D0 /* PBXTargetDependency */ = {
			isa = PBXTargetDependency;
			target = D47490B62ED92F6A00FC54D0 /* RetainerWidgetExtension */;
			targetProxy = D47490C82ED92F6C00FC54D0 /* PBXContainerItemProxy */;
		};
/* End PBXTargetDependency section */

/* Begin XCBuildConfiguration section */
		D47490CD2ED92F6C00FC54D0 /* Debug */ = {
			isa = XCBuildConfiguration;
			buildSettings = {
				ASSETCATALOG_COMPILER_GLOBAL_ACCENT_COLOR_NAME = AccentColor;
				ASSETCATALOG_COMPILER_WIDGET_BACKGROUND_COLOR_NAME = WidgetBackground;
				CODE_SIGN_ENTITLEMENTS = RetainerWidgetExtension.entitlements;
				CODE_SIGN_STYLE = Automatic;
				CURRENT_PROJECT_VERSION = 1;
				GENERATE_INFOPLIST_FILE = YES;
				INFOPLIST_FILE = RetainerWidget/Info.plist;
				INFOPLIST_KEY_CFBundleDisplayName = TrayOff;
				INFOPLIST_KEY_NSHumanReadableCopyright = "";
				IPHONEOS_DEPLOYMENT_TARGET = 26.0;
				LD_RUNPATH_SEARCH_PATHS = (
					"$(inherited)",
					"@executable_path/Frameworks",
					"@executable_path/../../Frameworks",
				);
				MARKETING_VERSION = 1.0;
				PRODUCT_BUNDLE_IDENTIFIER = com.cristopher.TrayOff.Widget;
				PRODUCT_NAME = "$(TARGET_NAME)";
				SKIP_INSTALL = YES;
				STRING_CATALOG_GENERATE_SYMBOLS = YES;
				SWIFT_EMIT_LOC_STRINGS = YES;
				SWIFT_UPCOMING_FEATURE_MEMBER_IMPORT_VISIBILITY = YES;
				SWIFT_VERSION = 5.0;
				TARGETED_DEVICE_FAMILY = "1,2";
			};
			name = Debug;
		};
		D47490CE2ED92F6C00FC54D0 /* Release */ = {
			isa = XCBuildConfiguration;
			buildSettings = {
				ASSETCATALOG_COMPILER_GLOBAL_ACCENT_COLOR_NAME = AccentColor;
				ASSETCATALOG_COMPILER_WIDGET_BACKGROUND_COLOR_NAME = WidgetBackground;
				CODE_SIGN_ENTITLEMENTS = RetainerWidgetExtension.entitlements;
				CODE_SIGN_STYLE = Automatic;
				CURRENT_PROJECT_VERSION = 1;
				GENERATE_INFOPLIST_FILE = YES;
				INFOPLIST_FILE = RetainerWidget/Info.plist;
				INFOPLIST_KEY_CFBundleDisplayName = TrayOff;
				INFOPLIST_KEY_NSHumanReadableCopyright = "";
				IPHONEOS_DEPLOYMENT_TARGET = 26.0;
				LD_RUNPATH_SEARCH_PATHS = (
					"$(inherited)",
					"@executable_path/Frameworks",
					"@executable_path/../../Frameworks",
				);
				MARKETING_VERSION = 1.0;
				PRODUCT_BUNDLE_IDENTIFIER = com.cristopher.TrayOff.Widget;
				PRODUCT_NAME = "$(TARGET_NAME)";
				SKIP_INSTALL = YES;
				STRING_CATALOG_GENERATE_SYMBOLS = YES;
				SWIFT_EMIT_LOC_STRINGS = YES;
				SWIFT_UPCOMING_FEATURE_MEMBER_IMPORT_VISIBILITY = YES;
				SWIFT_VERSION = 5.0;
				TARGETED_DEVICE_FAMILY = "1,2";
			};
			name = Release;
		};
		D4C4D16D2DC99424002C635E /* Debug */ = {
			isa = XCBuildConfiguration;
			buildSettings = {
				ALWAYS_SEARCH_USER_PATHS = NO;
				ASSETCATALOG_COMPILER_GENERATE_SWIFT_ASSET_SYMBOL_EXTENSIONS = YES;
				CLANG_ANALYZER_NONNULL = YES;
				CLANG_ANALYZER_NUMBER_OBJECT_CONVERSION = YES_AGGRESSIVE;
				CLANG_CXX_LANGUAGE_STANDARD = "gnu++20";
				CLANG_ENABLE_MODULES = YES;
				CLANG_ENABLE_OBJC_ARC = YES;
				CLANG_ENABLE_OBJC_WEAK = YES;
				CLANG_WARN_BLOCK_CAPTURE_AUTORELEASING = YES;
				CLANG_WARN_BOOL_CONVERSION = YES;
				CLANG_WARN_COMMA = YES;
				CLANG_WARN_CONSTANT_CONVERSION = YES;
				CLANG_WARN_DEPRECATED_OBJC_IMPLEMENTATIONS = YES;
				CLANG_WARN_DIRECT_OBJC_ISA_USAGE = YES_ERROR;
				CLANG_WARN_DOCUMENTATION_COMMENTS = YES;
				CLANG_WARN_EMPTY_BODY = YES;
				CLANG_WARN_ENUM_CONVERSION = YES;
				CLANG_WARN_INFINITE_RECURSION = YES;
				CLANG_WARN_INT_CONVERSION = YES;
				CLANG_WARN_NON_LITERAL_NULL_CONVERSION = YES;
				CLANG_WARN_OBJC_IMPLICIT_RETAIN_SELF = YES;
				CLANG_WARN_OBJC_LITERAL_CONVERSION = YES;
				CLANG_WARN_OBJC_ROOT_CLASS = YES_ERROR;
				CLANG_WARN_QUOTED_INCLUDE_IN_FRAMEWORK_HEADER = YES;
				CLANG_WARN_RANGE_LOOP_ANALYSIS = YES;
				CLANG_WARN_STRICT_PROTOTYPES = YES;
				CLANG_WARN_SUSPICIOUS_MOVE = YES;
				CLANG_WARN_UNGUARDED_AVAILABILITY = YES_AGGRESSIVE;
				CLANG_WARN_UNREACHABLE_CODE = YES;
				CLANG_WARN__DUPLICATE_METHOD_MATCH = YES;
				COPY_PHASE_STRIP = NO;
				DEBUG_INFORMATION_FORMAT = dwarf;
				DEVELOPMENT_TEAM = QXMDCMDF8D;
				ENABLE_STRICT_OBJC_MSGSEND = YES;
				ENABLE_TESTABILITY = YES;
				ENABLE_USER_SCRIPT_SANDBOXING = YES;
				GCC_C_LANGUAGE_STANDARD = gnu17;
				GCC_DYNAMIC_NO_PIC = NO;
				GCC_NO_COMMON_BLOCKS = YES;
				GCC_OPTIMIZATION_LEVEL = 0;
				GCC_PREPROCESSOR_DEFINITIONS = (
					"DEBUG=1",
					"$(inherited)",
				);
				GCC_WARN_64_TO_32_BIT_CONVERSION = YES;
				GCC_WARN_ABOUT_RETURN_TYPE = YES_ERROR;
				GCC_WARN_UNDECLARED_SELECTOR = YES;
				GCC_WARN_UNINITIALIZED_AUTOS = YES_AGGRESSIVE;
				GCC_WARN_UNUSED_FUNCTION = YES;
				GCC_WARN_UNUSED_VARIABLE = YES;
				GENERATE_INFOPLIST_FILE = YES;
				IPHONEOS_DEPLOYMENT_TARGET = 18.2;
				LOCALIZATION_PREFERS_STRING_CATALOGS = YES;
				MTL_ENABLE_DEBUG_INFO = INCLUDE_SOURCE;
				MTL_FAST_MATH = YES;
				ONLY_ACTIVE_ARCH = YES;
				SDKROOT = iphoneos;
				STRING_CATALOG_GENERATE_SYMBOLS = YES;
				SWIFT_ACTIVE_COMPILATION_CONDITIONS = "DEBUG $(inherited)";
				SWIFT_OPTIMIZATION_LEVEL = "-Onone";
			};
			name = Debug;
		};
		D4C4D16E2DC99424002C635E /* Release */ = {
			isa = XCBuildConfiguration;
			buildSettings = {
				ALWAYS_SEARCH_USER_PATHS = NO;
				ASSETCATALOG_COMPILER_GENERATE_SWIFT_ASSET_SYMBOL_EXTENSIONS = YES;
				CLANG_ANALYZER_NONNULL = YES;
				CLANG_ANALYZER_NUMBER_OBJECT_CONVERSION = YES_AGGRESSIVE;
				CLANG_CXX_LANGUAGE_STANDARD = "gnu++20";
				CLANG_ENABLE_MODULES = YES;
				CLANG_ENABLE_OBJC_ARC = YES;
				CLANG_ENABLE_OBJC_WEAK = YES;
				CLANG_WARN_BLOCK_CAPTURE_AUTORELEASING = YES;
				CLANG_WARN_BOOL_CONVERSION = YES;
				CLANG_WARN_COMMA = YES;
				CLANG_WARN_CONSTANT_CONVERSION = YES;
				CLANG_WARN_DEPRECATED_OBJC_IMPLEMENTATIONS = YES;
				CLANG_WARN_DIRECT_OBJC_ISA_USAGE = YES_ERROR;
				CLANG_WARN_DOCUMENTATION_COMMENTS = YES;
				CLANG_WARN_EMPTY_BODY = YES;
				CLANG_WARN_ENUM_CONVERSION = YES;
				CLANG_WARN_INFINITE_RECURSION = YES;
				CLANG_WARN_INT_CONVERSION = YES;
				CLANG_WARN_NON_LITERAL_NULL_CONVERSION = YES;
				CLANG_WARN_OBJC_IMPLICIT_RETAIN_SELF = YES;
				CLANG_WARN_OBJC_LITERAL_CONVERSION = YES;
				CLANG_WARN_OBJC_ROOT_CLASS = YES_ERROR;
				CLANG_WARN_QUOTED_INCLUDE_IN_FRAMEWORK_HEADER = YES;
				CLANG_WARN_RANGE_LOOP_ANALYSIS = YES;
				CLANG_WARN_STRICT_PROTOTYPES = YES;
				CLANG_WARN_SUSPICIOUS_MOVE = YES;
				CLANG_WARN_UNGUARDED_AVAILABILITY = YES_AGGRESSIVE;
				CLANG_WARN_UNREACHABLE_CODE = YES;
				CLANG_WARN__DUPLICATE_METHOD_MATCH = YES;
				COPY_PHASE_STRIP = NO;
				DEBUG_INFORMATION_FORMAT = "dwarf-with-dsym";
				DEVELOPMENT_TEAM = QXMDCMDF8D;
				ENABLE_NS_ASSERTIONS = NO;
				ENABLE_STRICT_OBJC_MSGSEND = YES;
				ENABLE_USER_SCRIPT_SANDBOXING = YES;
				GCC_C_LANGUAGE_STANDARD = gnu17;
				GCC_NO_COMMON_BLOCKS = YES;
				GCC_WARN_64_TO_32_BIT_CONVERSION = YES;
				GCC_WARN_ABOUT_RETURN_TYPE = YES_ERROR;
				GCC_WARN_UNDECLARED_SELECTOR = YES;
				GCC_WARN_UNINITIALIZED_AUTOS = YES_AGGRESSIVE;
				GCC_WARN_UNUSED_FUNCTION = YES;
				GCC_WARN_UNUSED_VARIABLE = YES;
				GENERATE_INFOPLIST_FILE = YES;
				IPHONEOS_DEPLOYMENT_TARGET = 18.2;
				LOCALIZATION_PREFERS_STRING_CATALOGS = YES;
				MTL_ENABLE_DEBUG_INFO = NO;
				MTL_FAST_MATH = YES;
				SDKROOT = iphoneos;
				STRING_CATALOG_GENERATE_SYMBOLS = YES;
				SWIFT_COMPILATION_MODE = wholemodule;
				VALIDATE_PRODUCT = YES;
			};
			name = Release;
		};
		D4C4D1702DC99424002C635E /* Debug */ = {
			isa = XCBuildConfiguration;
			buildSettings = {
				ASSETCATALOG_COMPILER_APPICON_NAME = TrayOff;
				"ASSETCATALOG_COMPILER_APPICON_NAME[sdk=iphoneos*]" = TrayOff;
				ASSETCATALOG_COMPILER_GLOBAL_ACCENT_COLOR_NAME = AccentColor;
				ASSETCATALOG_COMPILER_INCLUDE_ALL_APPICON_ASSETS = YES;
				CODE_SIGN_ENTITLEMENTS = "Retainer Tracker/Retainer Tracker.entitlements";
				CODE_SIGN_STYLE = Automatic;
				CURRENT_PROJECT_VERSION = 1;
				DEVELOPMENT_ASSET_PATHS = "\"Retainer Tracker/Preview Content\"";
				ENABLE_PREVIEWS = YES;
				GENERATE_INFOPLIST_FILE = YES;
				INFOPLIST_FILE = "Retainer-Tracker-Info.plist";
				INFOPLIST_KEY_CFBundleDisplayName = TrayOff;
				INFOPLIST_KEY_LSApplicationCategoryType = "public.app-category.healthcare-fitness";
				INFOPLIST_KEY_NSSupportsLiveActivities = YES;
				INFOPLIST_KEY_UIApplicationSceneManifest_Generation = YES;
				INFOPLIST_KEY_UIApplicationSupportsIndirectInputEvents = YES;
				INFOPLIST_KEY_UILaunchScreen_Generation = YES;
				INFOPLIST_KEY_UIStatusBarStyle = "";
				INFOPLIST_KEY_UISupportedInterfaceOrientations = UIInterfaceOrientationPortrait;
				INFOPLIST_KEY_UISupportedInterfaceOrientations_iPad = "UIInterfaceOrientationLandscapeLeft UIInterfaceOrientationLandscapeRight UIInterfaceOrientationPortrait UIInterfaceOrientationPortraitUpsideDown";
				IPHONEOS_DEPLOYMENT_TARGET = 26.0;
				LD_RUNPATH_SEARCH_PATHS = (
					"$(inherited)",
					"@executable_path/Frameworks",
				);
				MARKETING_VERSION = 1.0;
				PRODUCT_BUNDLE_IDENTIFIER = com.cristopher.TrayOff;
				PRODUCT_NAME = "$(TARGET_NAME)";
				SUPPORTED_PLATFORMS = "iphoneos iphonesimulator";
				SUPPORTS_MACCATALYST = NO;
				SUPPORTS_MAC_DESIGNED_FOR_IPHONE_IPAD = NO;
				SUPPORTS_XR_DESIGNED_FOR_IPHONE_IPAD = NO;
				SWIFT_EMIT_LOC_STRINGS = YES;
				SWIFT_VERSION = 5.0;
				TARGETED_DEVICE_FAMILY = 1;
			};
			name = Debug;
		};
		D4C4D1712DC99424002C635E /* Release */ = {
			isa = XCBuildConfiguration;
			buildSettings = {
				ASSETCATALOG_COMPILER_APPICON_NAME = TrayOff;
				"ASSETCATALOG_COMPILER_APPICON_NAME[sdk=iphoneos*]" = TrayOff;
				ASSETCATALOG_COMPILER_GLOBAL_ACCENT_COLOR_NAME = AccentColor;
				ASSETCATALOG_COMPILER_INCLUDE_ALL_APPICON_ASSETS = YES;
				CODE_SIGN_ENTITLEMENTS = "Retainer Tracker/Retainer Tracker.entitlements";
				CODE_SIGN_STYLE = Automatic;
				CURRENT_PROJECT_VERSION = 1;
				DEVELOPMENT_ASSET_PATHS = "\"Retainer Tracker/Preview Content\"";
				ENABLE_PREVIEWS = YES;
				GENERATE_INFOPLIST_FILE = YES;
				INFOPLIST_FILE = "Retainer-Tracker-Info.plist";
				INFOPLIST_KEY_CFBundleDisplayName = TrayOff;
				INFOPLIST_KEY_LSApplicationCategoryType = "public.app-category.healthcare-fitness";
				INFOPLIST_KEY_NSSupportsLiveActivities = YES;
				INFOPLIST_KEY_UIApplicationSceneManifest_Generation = YES;
				INFOPLIST_KEY_UIApplicationSupportsIndirectInputEvents = YES;
				INFOPLIST_KEY_UILaunchScreen_Generation = YES;
				INFOPLIST_KEY_UIStatusBarStyle = "";
				INFOPLIST_KEY_UISupportedInterfaceOrientations = UIInterfaceOrientationPortrait;
				INFOPLIST_KEY_UISupportedInterfaceOrientations_iPad = "UIInterfaceOrientationLandscapeLeft UIInterfaceOrientationLandscapeRight UIInterfaceOrientationPortrait UIInterfaceOrientationPortraitUpsideDown";
				IPHONEOS_DEPLOYMENT_TARGET = 26.0;
				LD_RUNPATH_SEARCH_PATHS = (
					"$(inherited)",
					"@executable_path/Frameworks",
				);
				MARKETING_VERSION = 1.0;
				PRODUCT_BUNDLE_IDENTIFIER = com.cristopher.TrayOff;
				PRODUCT_NAME = "$(TARGET_NAME)";
				SUPPORTED_PLATFORMS = "iphoneos iphonesimulator";
				SUPPORTS_MACCATALYST = NO;
				SUPPORTS_MAC_DESIGNED_FOR_IPHONE_IPAD = NO;
				SUPPORTS_XR_DESIGNED_FOR_IPHONE_IPAD = NO;
				SWIFT_EMIT_LOC_STRINGS = YES;
				SWIFT_VERSION = 5.0;
				TARGETED_DEVICE_FAMILY = 1;
			};
			name = Release;
		};
/* End XCBuildConfiguration section */

/* Begin XCConfigurationList section */
		D47490CC2ED92F6C00FC54D0 /* Build configuration list for PBXNativeTarget "RetainerWidgetExtension" */ = {
			isa = XCConfigurationList;
			buildConfigurations = (
				D47490CD2ED92F6C00FC54D0 /* Debug */,
				D47490CE2ED92F6C00FC54D0 /* Release */,
			);
			defaultConfigurationIsVisible = 0;
			defaultConfigurationName = Release;
		};
		D4C4D1462DC99422002C635E /* Build configuration list for PBXProject "TrayOff" */ = {
			isa = XCConfigurationList;
			buildConfigurations = (
				D4C4D16D2DC99424002C635E /* Debug */,
				D4C4D16E2DC99424002C635E /* Release */,
			);
			defaultConfigurationIsVisible = 0;
			defaultConfigurationName = Release;
		};
		D4C4D16F2DC99424002C635E /* Build configuration list for PBXNativeTarget "TrayOff" */ = {
			isa = XCConfigurationList;
			buildConfigurations = (
				D4C4D1702DC99424002C635E /* Debug */,
				D4C4D1712DC99424002C635E /* Release */,
			);
			defaultConfigurationIsVisible = 0;
			defaultConfigurationName = Release;
		};
/* End XCConfigurationList section */
	};
	rootObject = D4C4D1432DC99422002C635E /* Project object */;
}
